
Microsoft Visual Studio Solution File, Format Version 11.00
# Visual Studio 2010
Project("{8BC9CEB8-8B4A-11D0-8D11-00A0C91BC942}") = "my_leetcode", "my_leetcode\my_leetcode.vcxproj", "{B18A0073-5BED-4558-B765-89DB000AE8C5}"
EndProject
Global
	GlobalSection(SolutionConfigurationPlatforms) = preSolution
		Debug|Win32 = Debug|Win32
		Release|Win32 = Release|Win32
	EndGlobalSection
	GlobalSection(ProjectConfigurationPlatforms) = postSolution
		{B18A0073-5BED-4558-B765-89DB000AE8C5}.Debug|Win32.ActiveCfg = Debug|Win32
		{B18A0073-5BED-4558-B765-89DB000AE8C5}.Debug|Win32.Build.0 = Debug|Win32
		{B18A0073-5BED-4558-B765-89DB000AE8C5}.Release|Win32.ActiveCfg = Release|Win32
		{B18A0073-5BED-4558-B765-89DB000AE8C5}.Release|Win32.Build.0 = Release|Win32
	EndGlobalSection
	GlobalSection(SolutionProperties) = preSolution
		HideSolutionNode = FALSE
	EndGlobalSection
EndGlobal
